// !$*UTF8*$!
{
	archiveVersion = 1;
	classes = {
	};
	objectVersion = 48;
	objects = {

/* Begin PBXBuildFile section */
		49014C1F1FF27AAA00227B7E /* SongCell.swift in Sources */ = {isa = PBXBuildFile; fileRef = 49014C1D1FF27AAA00227B7E /* SongCell.swift */; };
		49014C201FF27AAA00227B7E /* SongCell.xib in Resources */ = {isa = PBXBuildFile; fileRef = 49014C1E1FF27AAA00227B7E /* SongCell.xib */; };
		492DC8121FEFB84D0092A7BD /* Song.swift in Sources */ = {isa = PBXBuildFile; fileRef = 492DC8111FEFB84D0092A7BD /* Song.swift */; };
		4934AD9E1FCC653F00625E42 /* AppDelegate.swift in Sources */ = {isa = PBXBuildFile; fileRef = 4934AD9D1FCC653F00625E42 /* AppDelegate.swift */; };
		4934ADA01FCC653F00625E42 /* SearchViewController.swift in Sources */ = {isa = PBXBuildFile; fileRef = 4934AD9F1FCC653F00625E42 /* SearchViewController.swift */; };
		4934ADA31FCC653F00625E42 /* Main.storyboard in Resources */ = {isa = PBXBuildFile; fileRef = 4934ADA11FCC653F00625E42 /* Main.storyboard */; };
		4934ADA51FCC653F00625E42 /* Assets.xcassets in Resources */ = {isa = PBXBuildFile; fileRef = 4934ADA41FCC653F00625E42 /* Assets.xcassets */; };
		4934ADA81FCC653F00625E42 /* LaunchScreen.storyboard in Resources */ = {isa = PBXBuildFile; fileRef = 4934ADA61FCC653F00625E42 /* LaunchScreen.storyboard */; };
		498FF6441FF8532B00C4D575 /* PlayerViewController.swift in Sources */ = {isa = PBXBuildFile; fileRef = 498FF6431FF8532B00C4D575 /* PlayerViewController.swift */; };
		498FF64C1FFB6D0600C4D575 /* Playlist.swift in Sources */ = {isa = PBXBuildFile; fileRef = 498FF64B1FFB6D0600C4D575 /* Playlist.swift */; };
		498FF64E1FFB6D4A00C4D575 /* CircularQueue.swift in Sources */ = {isa = PBXBuildFile; fileRef = 498FF64D1FFB6D4A00C4D575 /* CircularQueue.swift */; };
		498FF6501FFCF4FF00C4D575 /* SongService.swift in Sources */ = {isa = PBXBuildFile; fileRef = 498FF64F1FFCF4FF00C4D575 /* SongService.swift */; };
		498FF6552000278900C4D575 /* Result.swift in Sources */ = {isa = PBXBuildFile; fileRef = 498FF6542000278900C4D575 /* Result.swift */; };
		498FF65A20056DA800C4D575 /* Float+toString.swift in Sources */ = {isa = PBXBuildFile; fileRef = 498FF65920056DA800C4D575 /* Float+toString.swift */; };
		49B4E0781FF59D9C00032C39 /* NetworkService.swift in Sources */ = {isa = PBXBuildFile; fileRef = 49B4E0771FF59D9C00032C39 /* NetworkService.swift */; };
/* End PBXBuildFile section */

/* Begin PBXFileReference section */
		49014C1D1FF27AAA00227B7E /* SongCell.swift */ = {isa = PBXFileReference; lastKnownFileType = sourcecode.swift; path = SongCell.swift; sourceTree = "<group>"; };
		49014C1E1FF27AAA00227B7E /* SongCell.xib */ = {isa = PBXFileReference; lastKnownFileType = file.xib; path = SongCell.xib; sourceTree = "<group>"; };
		492DC8111FEFB84D0092A7BD /* Song.swift */ = {isa = PBXFileReference; lastKnownFileType = sourcecode.swift; path = Song.swift; sourceTree = "<group>"; };
		4934AD9A1FCC653F00625E42 /* Player.app */ = {isa = PBXFileReference; explicitFileType = wrapper.application; includeInIndex = 0; path = Player.app; sourceTree = BUILT_PRODUCTS_DIR; };
		4934AD9D1FCC653F00625E42 /* AppDelegate.swift */ = {isa = PBXFileReference; lastKnownFileType = sourcecode.swift; path = AppDelegate.swift; sourceTree = "<group>"; };
		4934AD9F1FCC653F00625E42 /* SearchViewController.swift */ = {isa = PBXFileReference; lastKnownFileType = sourcecode.swift; path = SearchViewController.swift; sourceTree = "<group>"; };
		4934ADA21FCC653F00625E42 /* Base */ = {isa = PBXFileReference; lastKnownFileType = file.storyboard; name = Base; path = Base.lproj/Main.storyboard; sourceTree = "<group>"; };
		4934ADA41FCC653F00625E42 /* Assets.xcassets */ = {isa = PBXFileReference; lastKnownFileType = folder.assetcatalog; path = Assets.xcassets; sourceTree = "<group>"; };
		4934ADA71FCC653F00625E42 /* Base */ = {isa = PBXFileReference; lastKnownFileType = file.storyboard; name = Base; path = Base.lproj/LaunchScreen.storyboard; sourceTree = "<group>"; };
		4934ADA91FCC653F00625E42 /* Info.plist */ = {isa = PBXFileReference; lastKnownFileType = text.plist.xml; path = Info.plist; sourceTree = "<group>"; };
		498FF6431FF8532B00C4D575 /* PlayerViewController.swift */ = {isa = PBXFileReference; lastKnownFileType = sourcecode.swift; path = PlayerViewController.swift; sourceTree = "<group>"; };
		498FF64B1FFB6D0600C4D575 /* Playlist.swift */ = {isa = PBXFileReference; lastKnownFileType = sourcecode.swift; path = Playlist.swift; sourceTree = "<group>"; };
		498FF64D1FFB6D4A00C4D575 /* CircularQueue.swift */ = {isa = PBXFileReference; lastKnownFileType = sourcecode.swift; path = CircularQueue.swift; sourceTree = "<group>"; };
		498FF64F1FFCF4FF00C4D575 /* SongService.swift */ = {isa = PBXFileReference; lastKnownFileType = sourcecode.swift; path = SongService.swift; sourceTree = "<group>"; };
		498FF6542000278900C4D575 /* Result.swift */ = {isa = PBXFileReference; lastKnownFileType = sourcecode.swift; path = Result.swift; sourceTree = "<group>"; };
		498FF65920056DA800C4D575 /* Float+toString.swift */ = {isa = PBXFileReference; lastKnownFileType = sourcecode.swift; path = "Float+toString.swift"; sourceTree = "<group>"; };
		49B4E0771FF59D9C00032C39 /* NetworkService.swift */ = {isa = PBXFileReference; lastKnownFileType = sourcecode.swift; path = NetworkService.swift; sourceTree = "<group>"; };
/* End PBXFileReference section */

/* Begin PBXFrameworksBuildPhase section */
		4934AD971FCC653F00625E42 /* Frameworks */ = {
			isa = PBXFrameworksBuildPhase;
			buildActionMask = 2147483647;
			files = (
			);
			runOnlyForDeploymentPostprocessing = 0;
		};
/* End PBXFrameworksBuildPhase section */

/* Begin PBXGroup section */
		492DC8101FEFB83C0092A7BD /* Model */ = {
			isa = PBXGroup;
			children = (
				492DC8111FEFB84D0092A7BD /* Song.swift */,
				498FF64B1FFB6D0600C4D575 /* Playlist.swift */,
				498FF64D1FFB6D4A00C4D575 /* CircularQueue.swift */,
				498FF6542000278900C4D575 /* Result.swift */,
			);
			path = Model;
			sourceTree = "<group>";
		};
		4934AD911FCC653F00625E42 = {
			isa = PBXGroup;
			children = (
				4934AD9C1FCC653F00625E42 /* Player */,
				4934AD9B1FCC653F00625E42 /* Products */,
			);
			sourceTree = "<group>";
		};
		4934AD9B1FCC653F00625E42 /* Products */ = {
			isa = PBXGroup;
			children = (
				4934AD9A1FCC653F00625E42 /* Player.app */,
			);
			name = Products;
			sourceTree = "<group>";
		};
		4934AD9C1FCC653F00625E42 /* Player */ = {
			isa = PBXGroup;
			children = (
				498FF65820056D9400C4D575 /* Extensions */,
				49B4E0761FF59D8F00032C39 /* Services */,
				492DC8101FEFB83C0092A7BD /* Model */,
				4934ADAF1FCC782F00625E42 /* Controllers */,
				4934AD9D1FCC653F00625E42 /* AppDelegate.swift */,
				4934ADA11FCC653F00625E42 /* Main.storyboard */,
				4934ADA41FCC653F00625E42 /* Assets.xcassets */,
				4934ADA61FCC653F00625E42 /* LaunchScreen.storyboard */,
				4934ADA91FCC653F00625E42 /* Info.plist */,
			);
			path = Player;
			sourceTree = "<group>";
		};
		4934ADAF1FCC782F00625E42 /* Controllers */ = {
			isa = PBXGroup;
			children = (
				4934AD9F1FCC653F00625E42 /* SearchViewController.swift */,
				49014C1D1FF27AAA00227B7E /* SongCell.swift */,
				49014C1E1FF27AAA00227B7E /* SongCell.xib */,
				498FF6431FF8532B00C4D575 /* PlayerViewController.swift */,
			);
			path = Controllers;
			sourceTree = "<group>";
		};
		498FF65820056D9400C4D575 /* Extensions */ = {
			isa = PBXGroup;
			children = (
				498FF65920056DA800C4D575 /* Float+toString.swift */,
			);
			path = Extensions;
			sourceTree = "<group>";
		};
		49B4E0761FF59D8F00032C39 /* Services */ = {
			isa = PBXGroup;
			children = (
				49B4E0771FF59D9C00032C39 /* NetworkService.swift */,
				498FF64F1FFCF4FF00C4D575 /* SongService.swift */,
			);
			path = Services;
			sourceTree = "<group>";
		};
/* End PBXGroup section */

/* Begin PBXNativeTarget section */
		4934AD991FCC653F00625E42 /* Player */ = {
			isa = PBXNativeTarget;
			buildConfigurationList = 4934ADAC1FCC653F00625E42 /* Build configuration list for PBXNativeTarget "Player" */;
			buildPhases = (
				4934AD961FCC653F00625E42 /* Sources */,
				4934AD971FCC653F00625E42 /* Frameworks */,
				4934AD981FCC653F00625E42 /* Resources */,
				492DC8141FEFB8980092A7BD /* Swiftlint */,
			);
			buildRules = (
			);
			dependencies = (
			);
			name = Player;
			productName = Player;
			productReference = 4934AD9A1FCC653F00625E42 /* Player.app */;
			productType = "com.apple.product-type.application";
		};
/* End PBXNativeTarget section */

/* Begin PBXProject section */
		4934AD921FCC653F00625E42 /* Project object */ = {
			isa = PBXProject;
			attributes = {
				LastSwiftUpdateCheck = 0910;
				LastUpgradeCheck = 0910;
				ORGANIZATIONNAME = Sitora;
				TargetAttributes = {
					4934AD991FCC653F00625E42 = {
						CreatedOnToolsVersion = 9.1;
						ProvisioningStyle = Automatic;
					};
				};
			};
			buildConfigurationList = 4934AD951FCC653F00625E42 /* Build configuration list for PBXProject "Player" */;
			compatibilityVersion = "Xcode 8.0";
			developmentRegion = en;
			hasScannedForEncodings = 0;
			knownRegions = (
				en,
				Base,
			);
			mainGroup = 4934AD911FCC653F00625E42;
			productRefGroup = 4934AD9B1FCC653F00625E42 /* Products */;
			projectDirPath = "";
			projectRoot = "";
			targets = (
				4934AD991FCC653F00625E42 /* Player */,
			);
		};
/* End PBXProject section */

/* Begin PBXResourcesBuildPhase section */
		4934AD981FCC653F00625E42 /* Resources */ = {
			isa = PBXResourcesBuildPhase;
			buildActionMask = 2147483647;
			files = (
				4934ADA81FCC653F00625E42 /* LaunchScreen.storyboard in Resources */,
				4934ADA51FCC653F00625E42 /* Assets.xcassets in Resources */,
				4934ADA31FCC653F00625E42 /* Main.storyboard in Resources */,
				49014C201FF27AAA00227B7E /* SongCell.xib in Resources */,
			);
			runOnlyForDeploymentPostprocessing = 0;
		};
/* End PBXResourcesBuildPhase section */

/* Begin PBXShellScriptBuildPhase section */
		492DC8141FEFB8980092A7BD /* Swiftlint */ = {
			isa = PBXShellScriptBuildPhase;
			buildActionMask = 2147483647;
			files = (
			);
			inputPaths = (
			);
			name = Swiftlint;
			outputPaths = (
			);
			runOnlyForDeploymentPostprocessing = 0;
			shellPath = /bin/sh;
			shellScript = "if which swiftlint >/dev/null; then\nswiftlint\nelse\necho \"warning: SwiftLint not installed, download from https://github.com/realm/SwiftLint\"\nfi";
		};
/* End PBXShellScriptBuildPhase section */

/* Begin PBXSourcesBuildPhase section */
		4934AD961FCC653F00625E42 /* Sources */ = {
			isa = PBXSourcesBuildPhase;
			buildActionMask = 2147483647;
			files = (
				498FF6501FFCF4FF00C4D575 /* SongService.swift in Sources */,
				49B4E0781FF59D9C00032C39 /* NetworkService.swift in Sources */,
				498FF65A20056DA800C4D575 /* Float+toString.swift in Sources */,
				492DC8121FEFB84D0092A7BD /* Song.swift in Sources */,
				4934ADA01FCC653F00625E42 /* SearchViewController.swift in Sources */,
				498FF64C1FFB6D0600C4D575 /* Playlist.swift in Sources */,
				498FF6441FF8532B00C4D575 /* PlayerViewController.swift in Sources */,
				49014C1F1FF27AAA00227B7E /* SongCell.swift in Sources */,
				498FF64E1FFB6D4A00C4D575 /* CircularQueue.swift in Sources */,
				4934AD9E1FCC653F00625E42 /* AppDelegate.swift in Sources */,
				498FF6552000278900C4D575 /* Result.swift in Sources */,
			);
			runOnlyForDeploymentPostprocessing = 0;
		};
/* End PBXSourcesBuildPhase section */

/* Begin PBXVariantGroup section */
		4934ADA11FCC653F00625E42 /* Main.storyboard */ = {
			isa = PBXVariantGroup;
			children = (
				4934ADA21FCC653F00625E42 /* Base */,
			);
			name = Main.storyboard;
			sourceTree = "<group>";
		};
		4934ADA61FCC653F00625E42 /* LaunchScreen.storyboard */ = {
			isa = PBXVariantGroup;
			children = (
				4934ADA71FCC653F00625E42 /* Base */,
			);
			name = LaunchScreen.storyboard;
			sourceTree = "<group>";
		};
/* End PBXVariantGroup section */

/* Begin XCBuildConfiguration section */
		4934ADAA1FCC653F00625E42 /* Debug */ = {
			isa = XCBuildConfiguration;
			buildSettings = {
				ALWAYS_SEARCH_USER_PATHS = NO;
				CLANG_ANALYZER_NONNULL = YES;
				CLANG_ANALYZER_NUMBER_OBJECT_CONVERSION = YES_AGGRESSIVE;
				CLANG_CXX_LANGUAGE_STANDARD = "gnu++14";
				CLANG_CXX_LIBRARY = "libc++";
				CLANG_ENABLE_MODULES = YES;
				CLANG_ENABLE_OBJC_ARC = YES;
				CLANG_WARN_BLOCK_CAPTURE_AUTORELEASING = YES;
				CLANG_WARN_BOOL_CONVERSION = YES;
				CLANG_WARN_COMMA = YES;
				CLANG_WARN_CONSTANT_CONVERSION = YES;
				CLANG_WARN_DIRECT_OBJC_ISA_USAGE = YES_ERROR;
				CLANG_WARN_DOCUMENTATION_COMMENTS = YES;
				CLANG_WARN_EMPTY_BODY = YES;
				CLANG_WARN_ENUM_CONVERSION = YES;
				CLANG_WARN_INFINITE_RECURSION = YES;
				CLANG_WARN_INT_CONVERSION = YES;
				CLANG_WARN_NON_LITERAL_NULL_CONVERSION = YES;
				CLANG_WARN_OBJC_LITERAL_CONVERSION = YES;
				CLANG_WARN_OBJC_ROOT_CLASS = YES_ERROR;
				CLANG_WARN_RANGE_LOOP_ANALYSIS = YES;
				CLANG_WARN_STRICT_PROTOTYPES = YES;
				CLANG_WARN_SUSPICIOUS_MOVE = YES;
				CLANG_WARN_UNGUARDED_AVAILABILITY = YES_AGGRESSIVE;
				CLANG_WARN_UNREACHABLE_CODE = YES;
				CLANG_WARN__DUPLICATE_METHOD_MATCH = YES;
				CODE_SIGN_IDENTITY = "iPhone Developer";
				COPY_PHASE_STRIP = NO;
				DEBUG_INFORMATION_FORMAT = dwarf;
				ENABLE_STRICT_OBJC_MSGSEND = YES;
				ENABLE_TESTABILITY = YES;
				GCC_C_LANGUAGE_STANDARD = gnu11;
				GCC_DYNAMIC_NO_PIC = NO;
				GCC_NO_COMMON_BLOCKS = YES;
				GCC_OPTIMIZATION_LEVEL = 0;
				GCC_PREPROCESSOR_DEFINITIONS = (
					"DEBUG=1",
					"$(inherited)",
				);
				GCC_WARN_64_TO_32_BIT_CONVERSION = YES;
				GCC_WARN_ABOUT_RETURN_TYPE = YES_ERROR;
				GCC_WARN_UNDECLARED_SELECTOR = YES;
				GCC_WARN_UNINITIALIZED_AUTOS = YES_AGGRESSIVE;
				GCC_WARN_UNUSED_FUNCTION = YES;
				GCC_WARN_UNUSED_VARIABLE = YES;
				IPHONEOS_DEPLOYMENT_TARGET = 11.1;
				MTL_ENABLE_DEBUG_INFO = YES;
				ONLY_ACTIVE_ARCH = YES;
				SDKROOT = iphoneos;
				SWIFT_ACTIVE_COMPILATION_CONDITIONS = DEBUG;
				SWIFT_OPTIMIZATION_LEVEL = "-Onone";
			};
			name = Debug;
		};
		4934ADAB1FCC653F00625E42 /* Release */ = {
			isa = XCBuildConfiguration;
			buildSettings = {
				ALWAYS_SEARCH_USER_PATHS = NO;
				CLANG_ANALYZER_NONNULL = YES;
				CLANG_ANALYZER_NUMBER_OBJECT_CONVERSION = YES_AGGRESSIVE;
				CLANG_CXX_LANGUAGE_STANDARD = "gnu++14";
				CLANG_CXX_LIBRARY = "libc++";
				CLANG_ENABLE_MODULES = YES;
				CLANG_ENABLE_OBJC_ARC = YES;
				CLANG_WARN_BLOCK_CAPTURE_AUTORELEASING = YES;
				CLANG_WARN_BOOL_CONVERSION = YES;
				CLANG_WARN_COMMA = YES;
				CLANG_WARN_CONSTANT_CONVERSION = YES;
				CLANG_WARN_DIRECT_OBJC_ISA_USAGE = YES_ERROR;
				CLANG_WARN_DOCUMENTATION_COMMENTS = YES;
				CLANG_WARN_EMPTY_BODY = YES;
				CLANG_WARN_ENUM_CONVERSION = YES;
				CLANG_WARN_INFINITE_RECURSION = YES;
				CLANG_WARN_INT_CONVERSION = YES;
				CLANG_WARN_NON_LITERAL_NULL_CONVERSION = YES;
				CLANG_WARN_OBJC_LITERAL_CONVERSION = YES;
				CLANG_WARN_OBJC_ROOT_CLASS = YES_ERROR;
				CLANG_WARN_RANGE_LOOP_ANALYSIS = YES;
				CLANG_WARN_STRICT_PROTOTYPES = YES;
				CLANG_WARN_SUSPICIOUS_MOVE = YES;
				CLANG_WARN_UNGUARDED_AVAILABILITY = YES_AGGRESSIVE;
				CLANG_WARN_UNREACHABLE_CODE = YES;
				CLANG_WARN__DUPLICATE_METHOD_MATCH = YES;
				CODE_SIGN_IDENTITY = "iPhone Developer";
				COPY_PHASE_STRIP = NO;
				DEBUG_INFORMATION_FORMAT = "dwarf-with-dsym";
				ENABLE_NS_ASSERTIONS = NO;
				ENABLE_STRICT_OBJC_MSGSEND = YES;
				GCC_C_LANGUAGE_STANDARD = gnu11;
				GCC_NO_COMMON_BLOCKS = YES;
				GCC_WARN_64_TO_32_BIT_CONVERSION = YES;
				GCC_WARN_ABOUT_RETURN_TYPE = YES_ERROR;
				GCC_WARN_UNDECLARED_SELECTOR = YES;
				GCC_WARN_UNINITIALIZED_AUTOS = YES_AGGRESSIVE;
				GCC_WARN_UNUSED_FUNCTION = YES;
				GCC_WARN_UNUSED_VARIABLE = YES;
				IPHONEOS_DEPLOYMENT_TARGET = 11.1;
				MTL_ENABLE_DEBUG_INFO = NO;
				SDKROOT = iphoneos;
				SWIFT_OPTIMIZATION_LEVEL = "-Owholemodule";
				VALIDATE_PRODUCT = YES;
			};
			name = Release;
		};
		4934ADAD1FCC653F00625E42 /* Debug */ = {
			isa = XCBuildConfiguration;
			buildSettings = {
				ASSETCATALOG_COMPILER_APPICON_NAME = AppIcon;
				CODE_SIGN_STYLE = Automatic;
				INFOPLIST_FILE = Player/Info.plist;
				LD_RUNPATH_SEARCH_PATHS = "$(inherited) @executable_path/Frameworks";
				PRODUCT_BUNDLE_IDENTIFIER = com.Sitora.Player;
				PRODUCT_NAME = "$(TARGET_NAME)";
				SWIFT_VERSION = 4.0;
				TARGETED_DEVICE_FAMILY = "1,2";
			};
			name = Debug;
		};
		4934ADAE1FCC653F00625E42 /* Release */ = {
			isa = XCBuildConfiguration;
			buildSettings = {
				ASSETCATALOG_COMPILER_APPICON_NAME = AppIcon;
				CODE_SIGN_STYLE = Automatic;
				INFOPLIST_FILE = Player/Info.plist;
				LD_RUNPATH_SEARCH_PATHS = "$(inherited) @executable_path/Frameworks";
				PRODUCT_BUNDLE_IDENTIFIER = com.Sitora.Player;
				PRODUCT_NAME = "$(TARGET_NAME)";
				SWIFT_VERSION = 4.0;
				TARGETED_DEVICE_FAMILY = "1,2";
			};
			name = Release;
		};
/* End XCBuildConfiguration section */

/* Begin XCConfigurationList section */
		4934AD951FCC653F00625E42 /* Build configuration list for PBXProject "Player" */ = {
			isa = XCConfigurationList;
			buildConfigurations = (
				4934ADAA1FCC653F00625E42 /* Debug */,
				4934ADAB1FCC653F00625E42 /* Release */,
			);
			defaultConfigurationIsVisible = 0;
			defaultConfigurationName = Release;
		};
		4934ADAC1FCC653F00625E42 /* Build configuration list for PBXNativeTarget "Player" */ = {
			isa = XCConfigurationList;
			buildConfigurations = (
				4934ADAD1FCC653F00625E42 /* Debug */,
				4934ADAE1FCC653F00625E42 /* Release */,
			);
			defaultConfigurationIsVisible = 0;
			defaultConfigurationName = Release;
		};
/* End XCConfigurationList section */
	};
	rootObject = 4934AD921FCC653F00625E42 /* Project object */;
}
